
Microsoft Visual Studio Solution File, Format Version 12.00
# Visual Studio Version 16
VisualStudioVersion = 16.0.31112.23
MinimumVisualStudioVersion = 10.0.40219.1
Project("{9A19103F-16F7-4668-BE54-9A1E7A4F7556}") = "AspNetCoreAssignment.API", "AspNetCoreAssignment\AspNetCoreAssignment.API.csproj", "{6ED9566F-B5FE-4022-A7FA-B4E6075CAD56}"
EndProject
Project("{2150E333-8FDC-42A3-9474-1A3956D46DE8}") = "Solution Items", "Solution Items", "{E6881B2E-636A-4D17-B441-9223EBBCAC76}"
	ProjectSection(SolutionItems) = preProject
		.editorconfig = .editorconfig
	EndProjectSection
EndProject
Project("{9A19103F-16F7-4668-BE54-9A1E7A4F7556}") = "AspNetCoreAssignment.BAL", "AspNetCoreAssignment.BAL\AspNetCoreAssignment.BAL.csproj", "{3190375F-E06B-4647-9A41-272901A7C03E}"
EndProject
Project("{9A19103F-16F7-4668-BE54-9A1E7A4F7556}") = "AspNetCoreAssignment.DAL", "AspNetCoreAssignment.DAL\AspNetCoreAssignment.DAL.csproj", "{F5633DA1-64EF-438E-AF98-4D374B3B3D3C}"
EndProject
Project("{9A19103F-16F7-4668-BE54-9A1E7A4F7556}") = "AspNetCoreAssignment.Models", "AspNetCoreAssignment.Models\AspNetCoreAssignment.Models.csproj", "{C5C9AB0B-4CC5-4624-B959-8169221B8F6F}"
EndProject
Project("{FAE04EC0-301F-11D3-BF4B-00C04F79EFBC}") = "AspNetCoreAssignment.MVC", "AspNetCoreAssignment.MVC\AspNetCoreAssignment.MVC.csproj", "{5E925471-DF55-4A09-809B-B3F6B2E5656D}"
EndProject
Global
	GlobalSection(SolutionConfigurationPlatforms) = preSolution
		Debug|Any CPU = Debug|Any CPU
		Release|Any CPU = Release|Any CPU
	EndGlobalSection
	GlobalSection(ProjectConfigurationPlatforms) = postSolution
		{6ED9566F-B5FE-4022-A7FA-B4E6075CAD56}.Debug|Any CPU.ActiveCfg = Debug|Any CPU
		{6ED9566F-B5FE-4022-A7FA-B4E6075CAD56}.Debug|Any CPU.Build.0 = Debug|Any CPU
		{6ED9566F-B5FE-4022-A7FA-B4E6075CAD56}.Release|Any CPU.ActiveCfg = Release|Any CPU
		{6ED9566F-B5FE-4022-A7FA-B4E6075CAD56}.Release|Any CPU.Build.0 = Release|Any CPU
		{3190375F-E06B-4647-9A41-272901A7C03E}.Debug|Any CPU.ActiveCfg = Debug|Any CPU
		{3190375F-E06B-4647-9A41-272901A7C03E}.Debug|Any CPU.Build.0 = Debug|Any CPU
		{3190375F-E06B-4647-9A41-272901A7C03E}.Release|Any CPU.ActiveCfg = Release|Any CPU
		{3190375F-E06B-4647-9A41-272901A7C03E}.Release|Any CPU.Build.0 = Release|Any CPU
		{F5633DA1-64EF-438E-AF98-4D374B3B3D3C}.Debug|Any CPU.ActiveCfg = Debug|Any CPU
		{F5633DA1-64EF-438E-AF98-4D374B3B3D3C}.Debug|Any CPU.Build.0 = Debug|Any CPU
		{F5633DA1-64EF-438E-AF98-4D374B3B3D3C}.Release|Any CPU.ActiveCfg = Release|Any CPU
		{F5633DA1-64EF-438E-AF98-4D374B3B3D3C}.Release|Any CPU.Build.0 = Release|Any CPU
		{C5C9AB0B-4CC5-4624-B959-8169221B8F6F}.Debug|Any CPU.ActiveCfg = Debug|Any CPU
		{C5C9AB0B-4CC5-4624-B959-8169221B8F6F}.Debug|Any CPU.Build.0 = Debug|Any CPU
		{C5C9AB0B-4CC5-4624-B959-8169221B8F6F}.Release|Any CPU.ActiveCfg = Release|Any CPU
		{C5C9AB0B-4CC5-4624-B959-8169221B8F6F}.Release|Any CPU.Build.0 = Release|Any CPU
		{5E925471-DF55-4A09-809B-B3F6B2E5656D}.Debug|Any CPU.ActiveCfg = Debug|Any CPU
		{5E925471-DF55-4A09-809B-B3F6B2E5656D}.Debug|Any CPU.Build.0 = Debug|Any CPU
		{5E925471-DF55-4A09-809B-B3F6B2E5656D}.Release|Any CPU.ActiveCfg = Release|Any CPU
		{5E925471-DF55-4A09-809B-B3F6B2E5656D}.Release|Any CPU.Build.0 = Release|Any CPU
	EndGlobalSection
	GlobalSection(SolutionProperties) = preSolution
		HideSolutionNode = FALSE
	EndGlobalSection
	GlobalSection(ExtensibilityGlobals) = postSolution
		SolutionGuid = {CCE4AC83-8C20-45CF-B7EB-8C32335FD4EF}
	EndGlobalSection
EndGlobal
