
Microsoft Visual Studio Solution File, Format Version 12.00
# Visual Studio Version 16
VisualStudioVersion = 16.0.30907.101
MinimumVisualStudioVersion = 10.0.40219.1
Project("{FAE04EC0-301F-11D3-BF4B-00C04F79EFBC}") = "NUnitAssignment7", "NUnitAssignment7\NUnitAssignment7.csproj", "{65BAFEF3-A14F-4802-A23E-B630373119C7}"
EndProject
Project("{FAE04EC0-301F-11D3-BF4B-00C04F79EFBC}") = "NUnitAssignment7.Test", "NUnitAssignment7.Test\NUnitAssignment7.Test.csproj", "{731CEA33-F634-48A8-B2F9-EB624D97A8C5}"
EndProject
Global
	GlobalSection(SolutionConfigurationPlatforms) = preSolution
		Debug|Any CPU = Debug|Any CPU
		Release|Any CPU = Release|Any CPU
	EndGlobalSection
	GlobalSection(ProjectConfigurationPlatforms) = postSolution
		{65BAFEF3-A14F-4802-A23E-B630373119C7}.Debug|Any CPU.ActiveCfg = Debug|Any CPU
		{65BAFEF3-A14F-4802-A23E-B630373119C7}.Debug|Any CPU.Build.0 = Debug|Any CPU
		{65BAFEF3-A14F-4802-A23E-B630373119C7}.Release|Any CPU.ActiveCfg = Release|Any CPU
		{65BAFEF3-A14F-4802-A23E-B630373119C7}.Release|Any CPU.Build.0 = Release|Any CPU
		{731CEA33-F634-48A8-B2F9-EB624D97A8C5}.Debug|Any CPU.ActiveCfg = Debug|Any CPU
		{731CEA33-F634-48A8-B2F9-EB624D97A8C5}.Debug|Any CPU.Build.0 = Debug|Any CPU
		{731CEA33-F634-48A8-B2F9-EB624D97A8C5}.Release|Any CPU.ActiveCfg = Release|Any CPU
		{731CEA33-F634-48A8-B2F9-EB624D97A8C5}.Release|Any CPU.Build.0 = Release|Any CPU
	EndGlobalSection
	GlobalSection(SolutionProperties) = preSolution
		HideSolutionNode = FALSE
	EndGlobalSection
	GlobalSection(ExtensibilityGlobals) = postSolution
		SolutionGuid = {DB9F4A16-973C-4B36-BE48-99E8F8066212}
	EndGlobalSection
EndGlobal
