
Microsoft Visual Studio Solution File, Format Version 12.00
# Visual Studio 14
VisualStudioVersion = 14.0.25420.1
MinimumVisualStudioVersion = 10.0.40219.1
Project("{FAE04EC0-301F-11D3-BF4B-00C04F79EFBC}") = "SourceControlFinalAssignment", "SourceControlFinalAssignment\SourceControlFinalAssignment.csproj", "{BAB5F1F1-B07B-4573-9E32-F357A747374B}"
EndProject
Global
	GlobalSection(SolutionConfigurationPlatforms) = preSolution
		Debug|Any CPU = Debug|Any CPU
		Release|Any CPU = Release|Any CPU
	EndGlobalSection
	GlobalSection(ProjectConfigurationPlatforms) = postSolution
		{BAB5F1F1-B07B-4573-9E32-F357A747374B}.Debug|Any CPU.ActiveCfg = Debug|Any CPU
		{BAB5F1F1-B07B-4573-9E32-F357A747374B}.Debug|Any CPU.Build.0 = Debug|Any CPU
		{BAB5F1F1-B07B-4573-9E32-F357A747374B}.Release|Any CPU.ActiveCfg = Release|Any CPU
		{BAB5F1F1-B07B-4573-9E32-F357A747374B}.Release|Any CPU.Build.0 = Release|Any CPU
	EndGlobalSection
	GlobalSection(SolutionProperties) = preSolution
		HideSolutionNode = FALSE
	EndGlobalSection
EndGlobal
