
Microsoft Visual Studio Solution File, Format Version 12.00
# Visual Studio 14
VisualStudioVersion = 14.0.25420.1
MinimumVisualStudioVersion = 10.0.40219.1
Project("{FAE04EC0-301F-11D3-BF4B-00C04F79EFBC}") = "ProjectTraineeAssignment", "ProjectTraineeAssignment\ProjectTraineeAssignment.csproj", "{46CA8207-C668-4C7E-B46D-792E976D9FB6}"
EndProject
Project("{FAE04EC0-301F-11D3-BF4B-00C04F79EFBC}") = "ProjectTraineeAssignment.Models", "ProjectTraineeAssignment.Models\ProjectTraineeAssignment.Models.csproj", "{81761546-B6E0-47FA-BA5B-9300B8FC835F}"
EndProject
Project("{FAE04EC0-301F-11D3-BF4B-00C04F79EFBC}") = "ProjectTraineeAssignment.Test", "ProjectTraineeAssignment.Test\ProjectTraineeAssignment.Test.csproj", "{E2BDBAB2-5DC1-4002-B784-6E4CAB7D7C39}"
EndProject
Global
	GlobalSection(SolutionConfigurationPlatforms) = preSolution
		Debug|Any CPU = Debug|Any CPU
		Release|Any CPU = Release|Any CPU
	EndGlobalSection
	GlobalSection(ProjectConfigurationPlatforms) = postSolution
		{46CA8207-C668-4C7E-B46D-792E976D9FB6}.Debug|Any CPU.ActiveCfg = Debug|Any CPU
		{46CA8207-C668-4C7E-B46D-792E976D9FB6}.Debug|Any CPU.Build.0 = Debug|Any CPU
		{46CA8207-C668-4C7E-B46D-792E976D9FB6}.Release|Any CPU.ActiveCfg = Release|Any CPU
		{46CA8207-C668-4C7E-B46D-792E976D9FB6}.Release|Any CPU.Build.0 = Release|Any CPU
		{81761546-B6E0-47FA-BA5B-9300B8FC835F}.Debug|Any CPU.ActiveCfg = Debug|Any CPU
		{81761546-B6E0-47FA-BA5B-9300B8FC835F}.Debug|Any CPU.Build.0 = Debug|Any CPU
		{81761546-B6E0-47FA-BA5B-9300B8FC835F}.Release|Any CPU.ActiveCfg = Release|Any CPU
		{81761546-B6E0-47FA-BA5B-9300B8FC835F}.Release|Any CPU.Build.0 = Release|Any CPU
		{E2BDBAB2-5DC1-4002-B784-6E4CAB7D7C39}.Debug|Any CPU.ActiveCfg = Debug|Any CPU
		{E2BDBAB2-5DC1-4002-B784-6E4CAB7D7C39}.Debug|Any CPU.Build.0 = Debug|Any CPU
		{E2BDBAB2-5DC1-4002-B784-6E4CAB7D7C39}.Release|Any CPU.ActiveCfg = Release|Any CPU
		{E2BDBAB2-5DC1-4002-B784-6E4CAB7D7C39}.Release|Any CPU.Build.0 = Release|Any CPU
	EndGlobalSection
	GlobalSection(SolutionProperties) = preSolution
		HideSolutionNode = FALSE
	EndGlobalSection
EndGlobal
